# @generated by Move, please check-in and do not edit manually.

[move]
version = 3
manifest_digest = "06058C64EE42C6AD740CF7D47BE776A1B1BA0E895F432DB777F7D2FFD4C25F89"
deps_digest = "F8BBB0CCB2491CA29A3DF03D6F92277A4F3574266507ACD77214D37ECA3F3082"
dependencies = [
  { id = "Sui", name = "Sui" },
]

[[move.package]]
id = "MoveStdlib"
source = { git = "https://github.com/MystenLabs/sui.git", rev = "framework/testnet", subdir = "crates\\sui-framework\\packages\\move-stdlib" }

[[move.package]]
id = "Sui"
source = { git = "https://github.com/MystenLabs/sui.git", rev = "framework/testnet", subdir = "crates/sui-framework/packages/sui-framework" }

dependencies = [
  { id = "MoveStdlib", name = "MoveStdlib" },
]

[move.toolchain-version]
compiler-version = "1.47.0"
edition = "2024"
flavor = "sui"

[env]

[env.testnet]
chain-id = "4c78adac"
original-published-id = "0xc897d37de1326095701bb34eb3f9eecf8057855d981c27881b3be1f2fb262005"
latest-published-id = "0xc897d37de1326095701bb34eb3f9eecf8057855d981c27881b3be1f2fb262005"
published-version = "1"
